github.com/gorilla/mux v1.8.1 h1:TuBL49tXwgrFYWhqrNgrUNEY92u81SPhu7sTdzQEiWY=
github.com/gorilla/mux v1.8.1/go.mod h1:AKf9I4AEqPTmMytcMc0KkNouC66V3BtZ4qD5fmWSiMQ=
github.com/lpernett/godotenv v0.0.0-20230527005122-0de1d4c5ef5e h1:6b4YTtccT1y/3eSsDCVhB6boPPCh5bQwP1Pa863yH28=
github.com/lpernett/godotenv v0.0.0-20230527005122-0de1d4c5ef5e/go.mod h1:K+inF/XYdmRn4sSP3IU4EM3KcOdGVJUJqZPmrQSxjGo=
